// !$*UTF8*$!
{
	archiveVersion = 1;
	classes = {
	};
	objectVersion = 50;
	objects = {

/* Begin PBXBuildFile section */
		2A7AB7092742A6050053941E /* AppDelegate.swift in Sources */ = {isa = PBXBuildFile; fileRef = 2A7AB7082742A6050053941E /* AppDelegate.swift */; };
		2A7AB70B2742A6050053941E /* SceneDelegate.swift in Sources */ = {isa = PBXBuildFile; fileRef = 2A7AB70A2742A6050053941E /* SceneDelegate.swift */; };
		2A7AB70D2742A6050053941E /* ViewController.swift in Sources */ = {isa = PBXBuildFile; fileRef = 2A7AB70C2742A6050053941E /* ViewController.swift */; };
		2A7AB7102742A6050053941E /* Main.storyboard in Resources */ = {isa = PBXBuildFile; fileRef = 2A7AB70E2742A6050053941E /* Main.storyboard */; };
		2A7AB7122742A6080053941E /* Assets.xcassets in Resources */ = {isa = PBXBuildFile; fileRef = 2A7AB7112742A6080053941E /* Assets.xcassets */; };
		2A7AB7152742A6080053941E /* LaunchScreen.storyboard in Resources */ = {isa = PBXBuildFile; fileRef = 2A7AB7132742A6080053941E /* LaunchScreen.storyboard */; };
		2A7AB7202742A6090053941E /* MovieFlixAppTests.swift in Sources */ = {isa = PBXBuildFile; fileRef = 2A7AB71F2742A6090053941E /* MovieFlixAppTests.swift */; };
		2A7AB72B2742A6090053941E /* MovieFlixAppUITests.swift in Sources */ = {isa = PBXBuildFile; fileRef = 2A7AB72A2742A6090053941E /* MovieFlixAppUITests.swift */; };
/* End PBXBuildFile section */

/* Begin PBXContainerItemProxy section */
		2A7AB71C2742A6090053941E /* PBXContainerItemProxy */ = {
			isa = PBXContainerItemProxy;
			containerPortal = 2A7AB6FD2742A6050053941E /* Project object */;
			proxyType = 1;
			remoteGlobalIDString = 2A7AB7042742A6050053941E;
			remoteInfo = MovieFlixApp;
		};
		2A7AB7272742A6090053941E /* PBXContainerItemProxy */ = {
			isa = PBXContainerItemProxy;
			containerPortal = 2A7AB6FD2742A6050053941E /* Project object */;
			proxyType = 1;
			remoteGlobalIDString = 2A7AB7042742A6050053941E;
			remoteInfo = MovieFlixApp;
		};
/* End PBXContainerItemProxy section */

/* Begin PBXFileReference section */
		2A7AB7052742A6050053941E /* MovieFlixApp.app */ = {isa = PBXFileReference; explicitFileType = wrapper.application; includeInIndex = 0; path = MovieFlixApp.app; sourceTree = BUILT_PRODUCTS_DIR; };
		2A7AB7082742A6050053941E /* AppDelegate.swift */ = {isa = PBXFileReference; lastKnownFileType = sourcecode.swift; path = AppDelegate.swift; sourceTree = "<group>"; };
		2A7AB70A2742A6050053941E /* SceneDelegate.swift */ = {isa = PBXFileReference; lastKnownFileType = sourcecode.swift; path = SceneDelegate.swift; sourceTree = "<group>"; };
		2A7AB70C2742A6050053941E /* ViewController.swift */ = {isa = PBXFileReference; lastKnownFileType = sourcecode.swift; path = ViewController.swift; sourceTree = "<group>"; };
		2A7AB70F2742A6050053941E /* Base */ = {isa = PBXFileReference; lastKnownFileType = file.storyboard; name = Base; path = Base.lproj/Main.storyboard; sourceTree = "<group>"; };
		2A7AB7112742A6080053941E /* Assets.xcassets */ = {isa = PBXFileReference; lastKnownFileType = folder.assetcatalog; path = Assets.xcassets; sourceTree = "<group>"; };
		2A7AB7142742A6080053941E /* Base */ = {isa = PBXFileReference; lastKnownFileType = file.storyboard; name = Base; path = Base.lproj/LaunchScreen.storyboard; sourceTree = "<group>"; };
		2A7AB7162742A6080053941E /* Info.plist */ = {isa = PBXFileReference; lastKnownFileType = text.plist.xml; path = Info.plist; sourceTree = "<group>"; };
		2A7AB71B2742A6090053941E /* MovieFlixAppTests.xctest */ = {isa = PBXFileReference; explicitFileType = wrapper.cfbundle; includeInIndex = 0; path = MovieFlixAppTests.xctest; sourceTree = BUILT_PRODUCTS_DIR; };
		2A7AB71F2742A6090053941E /* MovieFlixAppTests.swift */ = {isa = PBXFileReference; lastKnownFileType = sourcecode.swift; path = MovieFlixAppTests.swift; sourceTree = "<group>"; };
		2A7AB7212742A6090053941E /* Info.plist */ = {isa = PBXFileReference; lastKnownFileType = text.plist.xml; path = Info.plist; sourceTree = "<group>"; };
		2A7AB7262742A6090053941E /* MovieFlixAppUITests.xctest */ = {isa = PBXFileReference; explicitFileType = wrapper.cfbundle; includeInIndex = 0; path = MovieFlixAppUITests.xctest; sourceTree = BUILT_PRODUCTS_DIR; };
		2A7AB72A2742A6090053941E /* MovieFlixAppUITests.swift */ = {isa = PBXFileReference; lastKnownFileType = sourcecode.swift; path = MovieFlixAppUITests.swift; sourceTree = "<group>"; };
		2A7AB72C2742A6090053941E /* Info.plist */ = {isa = PBXFileReference; lastKnownFileType = text.plist.xml; path = Info.plist; sourceTree = "<group>"; };
/* End PBXFileReference section */

/* Begin PBXFrameworksBuildPhase section */
		2A7AB7022742A6050053941E /* Frameworks */ = {
			isa = PBXFrameworksBuildPhase;
			buildActionMask = 2147483647;
			files = (
			);
			runOnlyForDeploymentPostprocessing = 0;
		};
		2A7AB7182742A6090053941E /* Frameworks */ = {
			isa = PBXFrameworksBuildPhase;
			buildActionMask = 2147483647;
			files = (
			);
			runOnlyForDeploymentPostprocessing = 0;
		};
		2A7AB7232742A6090053941E /* Frameworks */ = {
			isa = PBXFrameworksBuildPhase;
			buildActionMask = 2147483647;
			files = (
			);
			runOnlyForDeploymentPostprocessing = 0;
		};
/* End PBXFrameworksBuildPhase section */

/* Begin PBXGroup section */
		2A7AB6FC2742A6050053941E = {
			isa = PBXGroup;
			children = (
				2A7AB7072742A6050053941E /* MovieFlixApp */,
				2A7AB71E2742A6090053941E /* MovieFlixAppTests */,
				2A7AB7292742A6090053941E /* MovieFlixAppUITests */,
				2A7AB7062742A6050053941E /* Products */,
			);
			sourceTree = "<group>";
		};
		2A7AB7062742A6050053941E /* Products */ = {
			isa = PBXGroup;
			children = (
				2A7AB7052742A6050053941E /* MovieFlixApp.app */,
				2A7AB71B2742A6090053941E /* MovieFlixAppTests.xctest */,
				2A7AB7262742A6090053941E /* MovieFlixAppUITests.xctest */,
			);
			name = Products;
			sourceTree = "<group>";
		};
		2A7AB7072742A6050053941E /* MovieFlixApp */ = {
			isa = PBXGroup;
			children = (
				2A7AB7082742A6050053941E /* AppDelegate.swift */,
				2A7AB70A2742A6050053941E /* SceneDelegate.swift */,
				2A7AB70C2742A6050053941E /* ViewController.swift */,
				2A7AB70E2742A6050053941E /* Main.storyboard */,
				2A7AB7112742A6080053941E /* Assets.xcassets */,
				2A7AB7132742A6080053941E /* LaunchScreen.storyboard */,
				2A7AB7162742A6080053941E /* Info.plist */,
			);
			path = MovieFlixApp;
			sourceTree = "<group>";
		};
		2A7AB71E2742A6090053941E /* MovieFlixAppTests */ = {
			isa = PBXGroup;
			children = (
				2A7AB71F2742A6090053941E /* MovieFlixAppTests.swift */,
				2A7AB7212742A6090053941E /* Info.plist */,
			);
			path = MovieFlixAppTests;
			sourceTree = "<group>";
		};
		2A7AB7292742A6090053941E /* MovieFlixAppUITests */ = {
			isa = PBXGroup;
			children = (
				2A7AB72A2742A6090053941E /* MovieFlixAppUITests.swift */,
				2A7AB72C2742A6090053941E /* Info.plist */,
			);
			path = MovieFlixAppUITests;
			sourceTree = "<group>";
		};
/* End PBXGroup section */

/* Begin PBXNativeTarget section */
		2A7AB7042742A6050053941E /* MovieFlixApp */ = {
			isa = PBXNativeTarget;
			buildConfigurationList = 2A7AB72F2742A6090053941E /* Build configuration list for PBXNativeTarget "MovieFlixApp" */;
			buildPhases = (
				2A7AB7012742A6050053941E /* Sources */,
				2A7AB7022742A6050053941E /* Frameworks */,
				2A7AB7032742A6050053941E /* Resources */,
			);
			buildRules = (
			);
			dependencies = (
			);
			name = MovieFlixApp;
			productName = MovieFlixApp;
			productReference = 2A7AB7052742A6050053941E /* MovieFlixApp.app */;
			productType = "com.apple.product-type.application";
		};
		2A7AB71A2742A6090053941E /* MovieFlixAppTests */ = {
			isa = PBXNativeTarget;
			buildConfigurationList = 2A7AB7322742A6090053941E /* Build configuration list for PBXNativeTarget "MovieFlixAppTests" */;
			buildPhases = (
				2A7AB7172742A6090053941E /* Sources */,
				2A7AB7182742A6090053941E /* Frameworks */,
				2A7AB7192742A6090053941E /* Resources */,
			);
			buildRules = (
			);
			dependencies = (
				2A7AB71D2742A6090053941E /* PBXTargetDependency */,
			);
			name = MovieFlixAppTests;
			productName = MovieFlixAppTests;
			productReference = 2A7AB71B2742A6090053941E /* MovieFlixAppTests.xctest */;
			productType = "com.apple.product-type.bundle.unit-test";
		};
		2A7AB7252742A6090053941E /* MovieFlixAppUITests */ = {
			isa = PBXNativeTarget;
			buildConfigurationList = 2A7AB7352742A6090053941E /* Build configuration list for PBXNativeTarget "MovieFlixAppUITests" */;
			buildPhases = (
				2A7AB7222742A6090053941E /* Sources */,
				2A7AB7232742A6090053941E /* Frameworks */,
				2A7AB7242742A6090053941E /* Resources */,
			);
			buildRules = (
			);
			dependencies = (
				2A7AB7282742A6090053941E /* PBXTargetDependency */,
			);
			name = MovieFlixAppUITests;
			productName = MovieFlixAppUITests;
			productReference = 2A7AB7262742A6090053941E /* MovieFlixAppUITests.xctest */;
			productType = "com.apple.product-type.bundle.ui-testing";
		};
/* End PBXNativeTarget section */

/* Begin PBXProject section */
		2A7AB6FD2742A6050053941E /* Project object */ = {
			isa = PBXProject;
			attributes = {
				LastSwiftUpdateCheck = 1240;
				LastUpgradeCheck = 1240;
				TargetAttributes = {
					2A7AB7042742A6050053941E = {
						CreatedOnToolsVersion = 12.4;
					};
					2A7AB71A2742A6090053941E = {
						CreatedOnToolsVersion = 12.4;
						TestTargetID = 2A7AB7042742A6050053941E;
					};
					2A7AB7252742A6090053941E = {
						CreatedOnToolsVersion = 12.4;
						TestTargetID = 2A7AB7042742A6050053941E;
					};
				};
			};
			buildConfigurationList = 2A7AB7002742A6050053941E /* Build configuration list for PBXProject "MovieFlixApp" */;
			compatibilityVersion = "Xcode 9.3";
			developmentRegion = en;
			hasScannedForEncodings = 0;
			knownRegions = (
				en,
				Base,
			);
			mainGroup = 2A7AB6FC2742A6050053941E;
			productRefGroup = 2A7AB7062742A6050053941E /* Products */;
			projectDirPath = "";
			projectRoot = "";
			targets = (
				2A7AB7042742A6050053941E /* MovieFlixApp */,
				2A7AB71A2742A6090053941E /* MovieFlixAppTests */,
				2A7AB7252742A6090053941E /* MovieFlixAppUITests */,
			);
		};
/* End PBXProject section */

/* Begin PBXResourcesBuildPhase section */
		2A7AB7032742A6050053941E /* Resources */ = {
			isa = PBXResourcesBuildPhase;
			buildActionMask = 2147483647;
			files = (
				2A7AB7152742A6080053941E /* LaunchScreen.storyboard in Resources */,
				2A7AB7122742A6080053941E /* Assets.xcassets in Resources */,
				2A7AB7102742A6050053941E /* Main.storyboard in Resources */,
			);
			runOnlyForDeploymentPostprocessing = 0;
		};
		2A7AB7192742A6090053941E /* Resources */ = {
			isa = PBXResourcesBuildPhase;
			buildActionMask = 2147483647;
			files = (
			);
			runOnlyForDeploymentPostprocessing = 0;
		};
		2A7AB7242742A6090053941E /* Resources */ = {
			isa = PBXResourcesBuildPhase;
			buildActionMask = 2147483647;
			files = (
			);
			runOnlyForDeploymentPostprocessing = 0;
		};
/* End PBXResourcesBuildPhase section */

/* Begin PBXSourcesBuildPhase section */
		2A7AB7012742A6050053941E /* Sources */ = {
			isa = PBXSourcesBuildPhase;
			buildActionMask = 2147483647;
			files = (
				2A7AB70D2742A6050053941E /* ViewController.swift in Sources */,
				2A7AB7092742A6050053941E /* AppDelegate.swift in Sources */,
				2A7AB70B2742A6050053941E /* SceneDelegate.swift in Sources */,
			);
			runOnlyForDeploymentPostprocessing = 0;
		};
		2A7AB7172742A6090053941E /* Sources */ = {
			isa = PBXSourcesBuildPhase;
			buildActionMask = 2147483647;
			files = (
				2A7AB7202742A6090053941E /* MovieFlixAppTests.swift in Sources */,
			);
			runOnlyForDeploymentPostprocessing = 0;
		};
		2A7AB7222742A6090053941E /* Sources */ = {
			isa = PBXSourcesBuildPhase;
			buildActionMask = 2147483647;
			files = (
				2A7AB72B2742A6090053941E /* MovieFlixAppUITests.swift in Sources */,
			);
			runOnlyForDeploymentPostprocessing = 0;
		};
/* End PBXSourcesBuildPhase section */

/* Begin PBXTargetDependency section */
		2A7AB71D2742A6090053941E /* PBXTargetDependency */ = {
			isa = PBXTargetDependency;
			target = 2A7AB7042742A6050053941E /* MovieFlixApp */;
			targetProxy = 2A7AB71C2742A6090053941E /* PBXContainerItemProxy */;
		};
		2A7AB7282742A6090053941E /* PBXTargetDependency */ = {
			isa = PBXTargetDependency;
			target = 2A7AB7042742A6050053941E /* MovieFlixApp */;
			targetProxy = 2A7AB7272742A6090053941E /* PBXContainerItemProxy */;
		};
/* End PBXTargetDependency section */

/* Begin PBXVariantGroup section */
		2A7AB70E2742A6050053941E /* Main.storyboard */ = {
			isa = PBXVariantGroup;
			children = (
				2A7AB70F2742A6050053941E /* Base */,
			);
			name = Main.storyboard;
			sourceTree = "<group>";
		};
		2A7AB7132742A6080053941E /* LaunchScreen.storyboard */ = {
			isa = PBXVariantGroup;
			children = (
				2A7AB7142742A6080053941E /* Base */,
			);
			name = LaunchScreen.storyboard;
			sourceTree = "<group>";
		};
/* End PBXVariantGroup section */

/* Begin XCBuildConfiguration section */
		2A7AB72D2742A6090053941E /* Debug */ = {
			isa = XCBuildConfiguration;
			buildSettings = {
				ALWAYS_SEARCH_USER_PATHS = NO;
				CLANG_ANALYZER_NONNULL = YES;
				CLANG_ANALYZER_NUMBER_OBJECT_CONVERSION = YES_AGGRESSIVE;
				CLANG_CXX_LANGUAGE_STANDARD = "gnu++14";
				CLANG_CXX_LIBRARY = "libc++";
				CLANG_ENABLE_MODULES = YES;
				CLANG_ENABLE_OBJC_ARC = YES;
				CLANG_ENABLE_OBJC_WEAK = YES;
				CLANG_WARN_BLOCK_CAPTURE_AUTORELEASING = YES;
				CLANG_WARN_BOOL_CONVERSION = YES;
				CLANG_WARN_COMMA = YES;
				CLANG_WARN_CONSTANT_CONVERSION = YES;
				CLANG_WARN_DEPRECATED_OBJC_IMPLEMENTATIONS = YES;
				CLANG_WARN_DIRECT_OBJC_ISA_USAGE = YES_ERROR;
				CLANG_WARN_DOCUMENTATION_COMMENTS = YES;
				CLANG_WARN_EMPTY_BODY = YES;
				CLANG_WARN_ENUM_CONVERSION = YES;
				CLANG_WARN_INFINITE_RECURSION = YES;
				CLANG_WARN_INT_CONVERSION = YES;
				CLANG_WARN_NON_LITERAL_NULL_CONVERSION = YES;
				CLANG_WARN_OBJC_IMPLICIT_RETAIN_SELF = YES;
				CLANG_WARN_OBJC_LITERAL_CONVERSION = YES;
				CLANG_WARN_OBJC_ROOT_CLASS = YES_ERROR;
				CLANG_WARN_QUOTED_INCLUDE_IN_FRAMEWORK_HEADER = YES;
				CLANG_WARN_RANGE_LOOP_ANALYSIS = YES;
				CLANG_WARN_STRICT_PROTOTYPES = YES;
				CLANG_WARN_SUSPICIOUS_MOVE = YES;
				CLANG_WARN_UNGUARDED_AVAILABILITY = YES_AGGRESSIVE;
				CLANG_WARN_UNREACHABLE_CODE = YES;
				CLANG_WARN__DUPLICATE_METHOD_MATCH = YES;
				COPY_PHASE_STRIP = NO;
				DEBUG_INFORMATION_FORMAT = dwarf;
				ENABLE_STRICT_OBJC_MSGSEND = YES;
				ENABLE_TESTABILITY = YES;
				GCC_C_LANGUAGE_STANDARD = gnu11;
				GCC_DYNAMIC_NO_PIC = NO;
				GCC_NO_COMMON_BLOCKS = YES;
				GCC_OPTIMIZATION_LEVEL = 0;
				GCC_PREPROCESSOR_DEFINITIONS = (
					"DEBUG=1",
					"$(inherited)",
				);
				GCC_WARN_64_TO_32_BIT_CONVERSION = YES;
				GCC_WARN_ABOUT_RETURN_TYPE = YES_ERROR;
				GCC_WARN_UNDECLARED_SELECTOR = YES;
				GCC_WARN_UNINITIALIZED_AUTOS = YES_AGGRESSIVE;
				GCC_WARN_UNUSED_FUNCTION = YES;
				GCC_WARN_UNUSED_VARIABLE = YES;
				IPHONEOS_DEPLOYMENT_TARGET = 14.4;
				MTL_ENABLE_DEBUG_INFO = INCLUDE_SOURCE;
				MTL_FAST_MATH = YES;
				ONLY_ACTIVE_ARCH = YES;
				SDKROOT = iphoneos;
				SWIFT_ACTIVE_COMPILATION_CONDITIONS = DEBUG;
				SWIFT_OPTIMIZATION_LEVEL = "-Onone";
			};
			name = Debug;
		};
		2A7AB72E2742A6090053941E /* Release */ = {
			isa = XCBuildConfiguration;
			buildSettings = {
				ALWAYS_SEARCH_USER_PATHS = NO;
				CLANG_ANALYZER_NONNULL = YES;
				CLANG_ANALYZER_NUMBER_OBJECT_CONVERSION = YES_AGGRESSIVE;
				CLANG_CXX_LANGUAGE_STANDARD = "gnu++14";
				CLANG_CXX_LIBRARY = "libc++";
				CLANG_ENABLE_MODULES = YES;
				CLANG_ENABLE_OBJC_ARC = YES;
				CLANG_ENABLE_OBJC_WEAK = YES;
				CLANG_WARN_BLOCK_CAPTURE_AUTORELEASING = YES;
				CLANG_WARN_BOOL_CONVERSION = YES;
				CLANG_WARN_COMMA = YES;
				CLANG_WARN_CONSTANT_CONVERSION = YES;
				CLANG_WARN_DEPRECATED_OBJC_IMPLEMENTATIONS = YES;
				CLANG_WARN_DIRECT_OBJC_ISA_USAGE = YES_ERROR;
				CLANG_WARN_DOCUMENTATION_COMMENTS = YES;
				CLANG_WARN_EMPTY_BODY = YES;
				CLANG_WARN_ENUM_CONVERSION = YES;
				CLANG_WARN_INFINITE_RECURSION = YES;
				CLANG_WARN_INT_CONVERSION = YES;
				CLANG_WARN_NON_LITERAL_NULL_CONVERSION = YES;
				CLANG_WARN_OBJC_IMPLICIT_RETAIN_SELF = YES;
				CLANG_WARN_OBJC_LITERAL_CONVERSION = YES;
				CLANG_WARN_OBJC_ROOT_CLASS = YES_ERROR;
				CLANG_WARN_QUOTED_INCLUDE_IN_FRAMEWORK_HEADER = YES;
				CLANG_WARN_RANGE_LOOP_ANALYSIS = YES;
				CLANG_WARN_STRICT_PROTOTYPES = YES;
				CLANG_WARN_SUSPICIOUS_MOVE = YES;
				CLANG_WARN_UNGUARDED_AVAILABILITY = YES_AGGRESSIVE;
				CLANG_WARN_UNREACHABLE_CODE = YES;
				CLANG_WARN__DUPLICATE_METHOD_MATCH = YES;
				COPY_PHASE_STRIP = NO;
				DEBUG_INFORMATION_FORMAT = "dwarf-with-dsym";
				ENABLE_NS_ASSERTIONS = NO;
				ENABLE_STRICT_OBJC_MSGSEND = YES;
				GCC_C_LANGUAGE_STANDARD = gnu11;
				GCC_NO_COMMON_BLOCKS = YES;
				GCC_WARN_64_TO_32_BIT_CONVERSION = YES;
				GCC_WARN_ABOUT_RETURN_TYPE = YES_ERROR;
				GCC_WARN_UNDECLARED_SELECTOR = YES;
				GCC_WARN_UNINITIALIZED_AUTOS = YES_AGGRESSIVE;
				GCC_WARN_UNUSED_FUNCTION = YES;
				GCC_WARN_UNUSED_VARIABLE = YES;
				IPHONEOS_DEPLOYMENT_TARGET = 14.4;
				MTL_ENABLE_DEBUG_INFO = NO;
				MTL_FAST_MATH = YES;
				SDKROOT = iphoneos;
				SWIFT_COMPILATION_MODE = wholemodule;
				SWIFT_OPTIMIZATION_LEVEL = "-O";
				VALIDATE_PRODUCT = YES;
			};
			name = Release;
		};
		2A7AB7302742A6090053941E /* Debug */ = {
			isa = XCBuildConfiguration;
			buildSettings = {
				ASSETCATALOG_COMPILER_APPICON_NAME = AppIcon;
				ASSETCATALOG_COMPILER_GLOBAL_ACCENT_COLOR_NAME = AccentColor;
				CODE_SIGN_STYLE = Automatic;
				DEVELOPMENT_TEAM = 3QCVS5M6Q4;
				INFOPLIST_FILE = MovieFlixApp/Info.plist;
				LD_RUNPATH_SEARCH_PATHS = (
					"$(inherited)",
					"@executable_path/Frameworks",
				);
				PRODUCT_BUNDLE_IDENTIFIER = com.ARCDemo.MovieFlixApp;
				PRODUCT_NAME = "$(TARGET_NAME)";
				SWIFT_VERSION = 5.0;
				TARGETED_DEVICE_FAMILY = "1,2";
			};
			name = Debug;
		};
		2A7AB7312742A6090053941E /* Release */ = {
			isa = XCBuildConfiguration;
			buildSettings = {
				ASSETCATALOG_COMPILER_APPICON_NAME = AppIcon;
				ASSETCATALOG_COMPILER_GLOBAL_ACCENT_COLOR_NAME = AccentColor;
				CODE_SIGN_STYLE = Automatic;
				DEVELOPMENT_TEAM = 3QCVS5M6Q4;
				INFOPLIST_FILE = MovieFlixApp/Info.plist;
				LD_RUNPATH_SEARCH_PATHS = (
					"$(inherited)",
					"@executable_path/Frameworks",
				);
				PRODUCT_BUNDLE_IDENTIFIER = com.ARCDemo.MovieFlixApp;
				PRODUCT_NAME = "$(TARGET_NAME)";
				SWIFT_VERSION = 5.0;
				TARGETED_DEVICE_FAMILY = "1,2";
			};
			name = Release;
		};
		2A7AB7332742A6090053941E /* Debug */ = {
			isa = XCBuildConfiguration;
			buildSettings = {
				ALWAYS_EMBED_SWIFT_STANDARD_LIBRARIES = YES;
				BUNDLE_LOADER = "$(TEST_HOST)";
				CODE_SIGN_STYLE = Automatic;
				DEVELOPMENT_TEAM = 3QCVS5M6Q4;
				INFOPLIST_FILE = MovieFlixAppTests/Info.plist;
				IPHONEOS_DEPLOYMENT_TARGET = 14.4;
				LD_RUNPATH_SEARCH_PATHS = (
					"$(inherited)",
					"@executable_path/Frameworks",
					"@loader_path/Frameworks",
				);
				PRODUCT_BUNDLE_IDENTIFIER = com.ARCDemo.MovieFlixAppTests;
				PRODUCT_NAME = "$(TARGET_NAME)";
				SWIFT_VERSION = 5.0;
				TARGETED_DEVICE_FAMILY = "1,2";
				TEST_HOST = "$(BUILT_PRODUCTS_DIR)/MovieFlixApp.app/MovieFlixApp";
			};
			name = Debug;
		};
		2A7AB7342742A6090053941E /* Release */ = {
			isa = XCBuildConfiguration;
			buildSettings = {
				ALWAYS_EMBED_SWIFT_STANDARD_LIBRARIES = YES;
				BUNDLE_LOADER = "$(TEST_HOST)";
				CODE_SIGN_STYLE = Automatic;
				DEVELOPMENT_TEAM = 3QCVS5M6Q4;
				INFOPLIST_FILE = MovieFlixAppTests/Info.plist;
				IPHONEOS_DEPLOYMENT_TARGET = 14.4;
				LD_RUNPATH_SEARCH_PATHS = (
					"$(inherited)",
					"@executable_path/Frameworks",
					"@loader_path/Frameworks",
				);
				PRODUCT_BUNDLE_IDENTIFIER = com.ARCDemo.MovieFlixAppTests;
				PRODUCT_NAME = "$(TARGET_NAME)";
				SWIFT_VERSION = 5.0;
				TARGETED_DEVICE_FAMILY = "1,2";
				TEST_HOST = "$(BUILT_PRODUCTS_DIR)/MovieFlixApp.app/MovieFlixApp";
			};
			name = Release;
		};
		2A7AB7362742A6090053941E /* Debug */ = {
			isa = XCBuildConfiguration;
			buildSettings = {
				ALWAYS_EMBED_SWIFT_STANDARD_LIBRARIES = YES;
				CODE_SIGN_STYLE = Automatic;
				DEVELOPMENT_TEAM = 3QCVS5M6Q4;
				INFOPLIST_FILE = MovieFlixAppUITests/Info.plist;
				LD_RUNPATH_SEARCH_PATHS = (
					"$(inherited)",
					"@executable_path/Frameworks",
					"@loader_path/Frameworks",
				);
				PRODUCT_BUNDLE_IDENTIFIER = com.ARCDemo.MovieFlixAppUITests;
				PRODUCT_NAME = "$(TARGET_NAME)";
				SWIFT_VERSION = 5.0;
				TARGETED_DEVICE_FAMILY = "1,2";
				TEST_TARGET_NAME = MovieFlixApp;
			};
			name = Debug;
		};
		2A7AB7372742A6090053941E /* Release */ = {
			isa = XCBuildConfiguration;
			buildSettings = {
				ALWAYS_EMBED_SWIFT_STANDARD_LIBRARIES = YES;
				CODE_SIGN_STYLE = Automatic;
				DEVELOPMENT_TEAM = 3QCVS5M6Q4;
				INFOPLIST_FILE = MovieFlixAppUITests/Info.plist;
				LD_RUNPATH_SEARCH_PATHS = (
					"$(inherited)",
					"@executable_path/Frameworks",
					"@loader_path/Frameworks",
				);
				PRODUCT_BUNDLE_IDENTIFIER = com.ARCDemo.MovieFlixAppUITests;
				PRODUCT_NAME = "$(TARGET_NAME)";
				SWIFT_VERSION = 5.0;
				TARGETED_DEVICE_FAMILY = "1,2";
				TEST_TARGET_NAME = MovieFlixApp;
			};
			name = Release;
		};
/* End XCBuildConfiguration section */

/* Begin XCConfigurationList section */
		2A7AB7002742A6050053941E /* Build configuration list for PBXProject "MovieFlixApp" */ = {
			isa = XCConfigurationList;
			buildConfigurations = (
				2A7AB72D2742A6090053941E /* Debug */,
				2A7AB72E2742A6090053941E /* Release */,
			);
			defaultConfigurationIsVisible = 0;
			defaultConfigurationName = Release;
		};
		2A7AB72F2742A6090053941E /* Build configuration list for PBXNativeTarget "MovieFlixApp" */ = {
			isa = XCConfigurationList;
			buildConfigurations = (
				2A7AB7302742A6090053941E /* Debug */,
				2A7AB7312742A6090053941E /* Release */,
			);
			defaultConfigurationIsVisible = 0;
			defaultConfigurationName = Release;
		};
		2A7AB7322742A6090053941E /* Build configuration list for PBXNativeTarget "MovieFlixAppTests" */ = {
			isa = XCConfigurationList;
			buildConfigurations = (
				2A7AB7332742A6090053941E /* Debug */,
				2A7AB7342742A6090053941E /* Release */,
			);
			defaultConfigurationIsVisible = 0;
			defaultConfigurationName = Release;
		};
		2A7AB7352742A6090053941E /* Build configuration list for PBXNativeTarget "MovieFlixAppUITests" */ = {
			isa = XCConfigurationList;
			buildConfigurations = (
				2A7AB7362742A6090053941E /* Debug */,
				2A7AB7372742A6090053941E /* Release */,
			);
			defaultConfigurationIsVisible = 0;
			defaultConfigurationName = Release;
		};
/* End XCConfigurationList section */
	};
	rootObject = 2A7AB6FD2742A6050053941E /* Project object */;
}
